
Microsoft Visual Studio Solution File, Format Version 12.00
# Visual Studio Version 16
VisualStudioVersion = 16.0.30804.86
MinimumVisualStudioVersion = 10.0.40219.1
Project("{9A19103F-16F7-4668-BE54-9A1E7A4F7556}") = "Paycompute", "Paycompute.csproj", "{35E891F0-B2E2-4630-AAE1-226BC1AD3DB3}"
EndProject
Project("{9A19103F-16F7-4668-BE54-9A1E7A4F7556}") = "Paycompute.Services", "..\Paycompute.Services\Paycompute.Services.csproj", "{783FDBD2-FF3B-45A1-B922-7991BA3BA50B}"
EndProject
Project("{9A19103F-16F7-4668-BE54-9A1E7A4F7556}") = "Paycompute.Persistence", "..\Paycompute.Persistence\Paycompute.Persistence.csproj", "{9F844C4D-8D44-400F-937C-48E6A1667F07}"
EndProject
Project("{9A19103F-16F7-4668-BE54-9A1E7A4F7556}") = "Paycompute.Entity", "..\Paycompute.Entity\Paycompute.Entity.csproj", "{5F7CE362-36DF-4022-B7D7-BC507D4B20C8}"
EndProject
Global
	GlobalSection(SolutionConfigurationPlatforms) = preSolution
		Debug|Any CPU = Debug|Any CPU
		Release|Any CPU = Release|Any CPU
	EndGlobalSection
	GlobalSection(ProjectConfigurationPlatforms) = postSolution
		{35E891F0-B2E2-4630-AAE1-226BC1AD3DB3}.Debug|Any CPU.ActiveCfg = Debug|Any CPU
		{35E891F0-B2E2-4630-AAE1-226BC1AD3DB3}.Debug|Any CPU.Build.0 = Debug|Any CPU
		{35E891F0-B2E2-4630-AAE1-226BC1AD3DB3}.Release|Any CPU.ActiveCfg = Release|Any CPU
		{35E891F0-B2E2-4630-AAE1-226BC1AD3DB3}.Release|Any CPU.Build.0 = Release|Any CPU
		{783FDBD2-FF3B-45A1-B922-7991BA3BA50B}.Debug|Any CPU.ActiveCfg = Debug|Any CPU
		{783FDBD2-FF3B-45A1-B922-7991BA3BA50B}.Debug|Any CPU.Build.0 = Debug|Any CPU
		{783FDBD2-FF3B-45A1-B922-7991BA3BA50B}.Release|Any CPU.ActiveCfg = Release|Any CPU
		{783FDBD2-FF3B-45A1-B922-7991BA3BA50B}.Release|Any CPU.Build.0 = Release|Any CPU
		{9F844C4D-8D44-400F-937C-48E6A1667F07}.Debug|Any CPU.ActiveCfg = Debug|Any CPU
		{9F844C4D-8D44-400F-937C-48E6A1667F07}.Debug|Any CPU.Build.0 = Debug|Any CPU
		{9F844C4D-8D44-400F-937C-48E6A1667F07}.Release|Any CPU.ActiveCfg = Release|Any CPU
		{9F844C4D-8D44-400F-937C-48E6A1667F07}.Release|Any CPU.Build.0 = Release|Any CPU
		{5F7CE362-36DF-4022-B7D7-BC507D4B20C8}.Debug|Any CPU.ActiveCfg = Debug|Any CPU
		{5F7CE362-36DF-4022-B7D7-BC507D4B20C8}.Debug|Any CPU.Build.0 = Debug|Any CPU
		{5F7CE362-36DF-4022-B7D7-BC507D4B20C8}.Release|Any CPU.ActiveCfg = Release|Any CPU
		{5F7CE362-36DF-4022-B7D7-BC507D4B20C8}.Release|Any CPU.Build.0 = Release|Any CPU
	EndGlobalSection
	GlobalSection(SolutionProperties) = preSolution
		HideSolutionNode = FALSE
	EndGlobalSection
	GlobalSection(ExtensibilityGlobals) = postSolution
		SolutionGuid = {29EAE07D-ED41-4CE9-B065-29B9CF67E301}
	EndGlobalSection
EndGlobal
